// !$*UTF8*$!
{
	archiveVersion = 1;
	classes = {
	};
	objectVersion = 56;
	objects = {

/* Begin PBXBuildFile section */
		97333B132A32FD3F00BD5C18 /* tipsCalcApp.swift in Sources */ = {isa = PBXBuildFile; fileRef = 97333B122A32FD3F00BD5C18 /* tipsCalcApp.swift */; };
		97333B152A32FD3F00BD5C18 /* ContentView.swift in Sources */ = {isa = PBXBuildFile; fileRef = 97333B142A32FD3F00BD5C18 /* ContentView.swift */; };
		97333B172A32FD4100BD5C18 /* Assets.xcassets in Resources */ = {isa = PBXBuildFile; fileRef = 97333B162A32FD4100BD5C18 /* Assets.xcassets */; };
		97333B1A2A32FD4100BD5C18 /* Preview Assets.xcassets in Resources */ = {isa = PBXBuildFile; fileRef = 97333B192A32FD4100BD5C18 /* Preview Assets.xcassets */; };
		97333B242A32FD4100BD5C18 /* tipsCalcTests.swift in Sources */ = {isa = PBXBuildFile; fileRef = 97333B232A32FD4100BD5C18 /* tipsCalcTests.swift */; };
		97333B2E2A32FD4100BD5C18 /* tipsCalcUITests.swift in Sources */ = {isa = PBXBuildFile; fileRef = 97333B2D2A32FD4100BD5C18 /* tipsCalcUITests.swift */; };
		97333B302A32FD4100BD5C18 /* tipsCalcUITestsLaunchTests.swift in Sources */ = {isa = PBXBuildFile; fileRef = 97333B2F2A32FD4100BD5C18 /* tipsCalcUITestsLaunchTests.swift */; };
		97333B3F2A32FF6C00BD5C18 /* ColorExt.swift in Sources */ = {isa = PBXBuildFile; fileRef = 97333B3E2A32FF6C00BD5C18 /* ColorExt.swift */; };
		97333B412A33075200BD5C18 /* StringExt.swift in Sources */ = {isa = PBXBuildFile; fileRef = 97333B402A33075200BD5C18 /* StringExt.swift */; };
/* End PBXBuildFile section */

/* Begin PBXContainerItemProxy section */
		97333B202A32FD4100BD5C18 /* PBXContainerItemProxy */ = {
			isa = PBXContainerItemProxy;
			containerPortal = 97333B072A32FD3F00BD5C18 /* Project object */;
			proxyType = 1;
			remoteGlobalIDString = 97333B0E2A32FD3F00BD5C18;
			remoteInfo = tipsCalc;
		};
		97333B2A2A32FD4100BD5C18 /* PBXContainerItemProxy */ = {
			isa = PBXContainerItemProxy;
			containerPortal = 97333B072A32FD3F00BD5C18 /* Project object */;
			proxyType = 1;
			remoteGlobalIDString = 97333B0E2A32FD3F00BD5C18;
			remoteInfo = tipsCalc;
		};
/* End PBXContainerItemProxy section */

/* Begin PBXFileReference section */
		97333B0F2A32FD3F00BD5C18 /* tipsCalc.app */ = {isa = PBXFileReference; explicitFileType = wrapper.application; includeInIndex = 0; path = tipsCalc.app; sourceTree = BUILT_PRODUCTS_DIR; };
		97333B122A32FD3F00BD5C18 /* tipsCalcApp.swift */ = {isa = PBXFileReference; lastKnownFileType = sourcecode.swift; path = tipsCalcApp.swift; sourceTree = "<group>"; };
		97333B142A32FD3F00BD5C18 /* ContentView.swift */ = {isa = PBXFileReference; lastKnownFileType = sourcecode.swift; path = ContentView.swift; sourceTree = "<group>"; };
		97333B162A32FD4100BD5C18 /* Assets.xcassets */ = {isa = PBXFileReference; lastKnownFileType = folder.assetcatalog; path = Assets.xcassets; sourceTree = "<group>"; };
		97333B192A32FD4100BD5C18 /* Preview Assets.xcassets */ = {isa = PBXFileReference; lastKnownFileType = folder.assetcatalog; path = "Preview Assets.xcassets"; sourceTree = "<group>"; };
		97333B1F2A32FD4100BD5C18 /* tipsCalcTests.xctest */ = {isa = PBXFileReference; explicitFileType = wrapper.cfbundle; includeInIndex = 0; path = tipsCalcTests.xctest; sourceTree = BUILT_PRODUCTS_DIR; };
		97333B232A32FD4100BD5C18 /* tipsCalcTests.swift */ = {isa = PBXFileReference; lastKnownFileType = sourcecode.swift; path = tipsCalcTests.swift; sourceTree = "<group>"; };
		97333B292A32FD4100BD5C18 /* tipsCalcUITests.xctest */ = {isa = PBXFileReference; explicitFileType = wrapper.cfbundle; includeInIndex = 0; path = tipsCalcUITests.xctest; sourceTree = BUILT_PRODUCTS_DIR; };
		97333B2D2A32FD4100BD5C18 /* tipsCalcUITests.swift */ = {isa = PBXFileReference; lastKnownFileType = sourcecode.swift; path = tipsCalcUITests.swift; sourceTree = "<group>"; };
		97333B2F2A32FD4100BD5C18 /* tipsCalcUITestsLaunchTests.swift */ = {isa = PBXFileReference; lastKnownFileType = sourcecode.swift; path = tipsCalcUITestsLaunchTests.swift; sourceTree = "<group>"; };
		97333B3E2A32FF6C00BD5C18 /* ColorExt.swift */ = {isa = PBXFileReference; lastKnownFileType = sourcecode.swift; path = ColorExt.swift; sourceTree = "<group>"; };
		97333B402A33075200BD5C18 /* StringExt.swift */ = {isa = PBXFileReference; lastKnownFileType = sourcecode.swift; path = StringExt.swift; sourceTree = "<group>"; };
/* End PBXFileReference section */

/* Begin PBXFrameworksBuildPhase section */
		97333B0C2A32FD3F00BD5C18 /* Frameworks */ = {
			isa = PBXFrameworksBuildPhase;
			buildActionMask = 2147483647;
			files = (
			);
			runOnlyForDeploymentPostprocessing = 0;
		};
		97333B1C2A32FD4100BD5C18 /* Frameworks */ = {
			isa = PBXFrameworksBuildPhase;
			buildActionMask = 2147483647;
			files = (
			);
			runOnlyForDeploymentPostprocessing = 0;
		};
		97333B262A32FD4100BD5C18 /* Frameworks */ = {
			isa = PBXFrameworksBuildPhase;
			buildActionMask = 2147483647;
			files = (
			);
			runOnlyForDeploymentPostprocessing = 0;
		};
/* End PBXFrameworksBuildPhase section */

/* Begin PBXGroup section */
		97333B062A32FD3F00BD5C18 = {
			isa = PBXGroup;
			children = (
				97333B112A32FD3F00BD5C18 /* tipsCalc */,
				97333B222A32FD4100BD5C18 /* tipsCalcTests */,
				97333B2C2A32FD4100BD5C18 /* tipsCalcUITests */,
				97333B102A32FD3F00BD5C18 /* Products */,
			);
			sourceTree = "<group>";
		};
		97333B102A32FD3F00BD5C18 /* Products */ = {
			isa = PBXGroup;
			children = (
				97333B0F2A32FD3F00BD5C18 /* tipsCalc.app */,
				97333B1F2A32FD4100BD5C18 /* tipsCalcTests.xctest */,
				97333B292A32FD4100BD5C18 /* tipsCalcUITests.xctest */,
			);
			name = Products;
			sourceTree = "<group>";
		};
		97333B112A32FD3F00BD5C18 /* tipsCalc */ = {
			isa = PBXGroup;
			children = (
				97333B3D2A32FF4B00BD5C18 /* Views */,
				97333B3C2A32FF3800BD5C18 /* Extensions */,
				97333B122A32FD3F00BD5C18 /* tipsCalcApp.swift */,
				97333B162A32FD4100BD5C18 /* Assets.xcassets */,
				97333B182A32FD4100BD5C18 /* Preview Content */,
			);
			path = tipsCalc;
			sourceTree = "<group>";
		};
		97333B182A32FD4100BD5C18 /* Preview Content */ = {
			isa = PBXGroup;
			children = (
				97333B192A32FD4100BD5C18 /* Preview Assets.xcassets */,
			);
			path = "Preview Content";
			sourceTree = "<group>";
		};
		97333B222A32FD4100BD5C18 /* tipsCalcTests */ = {
			isa = PBXGroup;
			children = (
				97333B232A32FD4100BD5C18 /* tipsCalcTests.swift */,
			);
			path = tipsCalcTests;
			sourceTree = "<group>";
		};
		97333B2C2A32FD4100BD5C18 /* tipsCalcUITests */ = {
			isa = PBXGroup;
			children = (
				97333B2D2A32FD4100BD5C18 /* tipsCalcUITests.swift */,
				97333B2F2A32FD4100BD5C18 /* tipsCalcUITestsLaunchTests.swift */,
			);
			path = tipsCalcUITests;
			sourceTree = "<group>";
		};
		97333B3C2A32FF3800BD5C18 /* Extensions */ = {
			isa = PBXGroup;
			children = (
				97333B3E2A32FF6C00BD5C18 /* ColorExt.swift */,
				97333B402A33075200BD5C18 /* StringExt.swift */,
			);
			path = Extensions;
			sourceTree = "<group>";
		};
		97333B3D2A32FF4B00BD5C18 /* Views */ = {
			isa = PBXGroup;
			children = (
				97333B142A32FD3F00BD5C18 /* ContentView.swift */,
			);
			path = Views;
			sourceTree = "<group>";
		};
/* End PBXGroup section */

/* Begin PBXNativeTarget section */
		97333B0E2A32FD3F00BD5C18 /* tipsCalc */ = {
			isa = PBXNativeTarget;
			buildConfigurationList = 97333B332A32FD4100BD5C18 /* Build configuration list for PBXNativeTarget "tipsCalc" */;
			buildPhases = (
				97333B0B2A32FD3F00BD5C18 /* Sources */,
				97333B0C2A32FD3F00BD5C18 /* Frameworks */,
				97333B0D2A32FD3F00BD5C18 /* Resources */,
			);
			buildRules = (
			);
			dependencies = (
			);
			name = tipsCalc;
			productName = tipsCalc;
			productReference = 97333B0F2A32FD3F00BD5C18 /* tipsCalc.app */;
			productType = "com.apple.product-type.application";
		};
		97333B1E2A32FD4100BD5C18 /* tipsCalcTests */ = {
			isa = PBXNativeTarget;
			buildConfigurationList = 97333B362A32FD4100BD5C18 /* Build configuration list for PBXNativeTarget "tipsCalcTests" */;
			buildPhases = (
				97333B1B2A32FD4100BD5C18 /* Sources */,
				97333B1C2A32FD4100BD5C18 /* Frameworks */,
				97333B1D2A32FD4100BD5C18 /* Resources */,
			);
			buildRules = (
			);
			dependencies = (
				97333B212A32FD4100BD5C18 /* PBXTargetDependency */,
			);
			name = tipsCalcTests;
			productName = tipsCalcTests;
			productReference = 97333B1F2A32FD4100BD5C18 /* tipsCalcTests.xctest */;
			productType = "com.apple.product-type.bundle.unit-test";
		};
		97333B282A32FD4100BD5C18 /* tipsCalcUITests */ = {
			isa = PBXNativeTarget;
			buildConfigurationList = 97333B392A32FD4100BD5C18 /* Build configuration list for PBXNativeTarget "tipsCalcUITests" */;
			buildPhases = (
				97333B252A32FD4100BD5C18 /* Sources */,
				97333B262A32FD4100BD5C18 /* Frameworks */,
				97333B272A32FD4100BD5C18 /* Resources */,
			);
			buildRules = (
			);
			dependencies = (
				97333B2B2A32FD4100BD5C18 /* PBXTargetDependency */,
			);
			name = tipsCalcUITests;
			productName = tipsCalcUITests;
			productReference = 97333B292A32FD4100BD5C18 /* tipsCalcUITests.xctest */;
			productType = "com.apple.product-type.bundle.ui-testing";
		};
/* End PBXNativeTarget section */

/* Begin PBXProject section */
		97333B072A32FD3F00BD5C18 /* Project object */ = {
			isa = PBXProject;
			attributes = {
				BuildIndependentTargetsInParallel = 1;
				LastSwiftUpdateCheck = 1420;
				LastUpgradeCheck = 1420;
				TargetAttributes = {
					97333B0E2A32FD3F00BD5C18 = {
						CreatedOnToolsVersion = 14.2;
					};
					97333B1E2A32FD4100BD5C18 = {
						CreatedOnToolsVersion = 14.2;
						TestTargetID = 97333B0E2A32FD3F00BD5C18;
					};
					97333B282A32FD4100BD5C18 = {
						CreatedOnToolsVersion = 14.2;
						TestTargetID = 97333B0E2A32FD3F00BD5C18;
					};
				};
			};
			buildConfigurationList = 97333B0A2A32FD3F00BD5C18 /* Build configuration list for PBXProject "tipsCalc" */;
			compatibilityVersion = "Xcode 14.0";
			developmentRegion = en;
			hasScannedForEncodings = 0;
			knownRegions = (
				en,
				Base,
			);
			mainGroup = 97333B062A32FD3F00BD5C18;
			productRefGroup = 97333B102A32FD3F00BD5C18 /* Products */;
			projectDirPath = "";
			projectRoot = "";
			targets = (
				97333B0E2A32FD3F00BD5C18 /* tipsCalc */,
				97333B1E2A32FD4100BD5C18 /* tipsCalcTests */,
				97333B282A32FD4100BD5C18 /* tipsCalcUITests */,
			);
		};
/* End PBXProject section */

/* Begin PBXResourcesBuildPhase section */
		97333B0D2A32FD3F00BD5C18 /* Resources */ = {
			isa = PBXResourcesBuildPhase;
			buildActionMask = 2147483647;
			files = (
				97333B1A2A32FD4100BD5C18 /* Preview Assets.xcassets in Resources */,
				97333B172A32FD4100BD5C18 /* Assets.xcassets in Resources */,
			);
			runOnlyForDeploymentPostprocessing = 0;
		};
		97333B1D2A32FD4100BD5C18 /* Resources */ = {
			isa = PBXResourcesBuildPhase;
			buildActionMask = 2147483647;
			files = (
			);
			runOnlyForDeploymentPostprocessing = 0;
		};
		97333B272A32FD4100BD5C18 /* Resources */ = {
			isa = PBXResourcesBuildPhase;
			buildActionMask = 2147483647;
			files = (
			);
			runOnlyForDeploymentPostprocessing = 0;
		};
/* End PBXResourcesBuildPhase section */

/* Begin PBXSourcesBuildPhase section */
		97333B0B2A32FD3F00BD5C18 /* Sources */ = {
			isa = PBXSourcesBuildPhase;
			buildActionMask = 2147483647;
			files = (
				97333B152A32FD3F00BD5C18 /* ContentView.swift in Sources */,
				97333B3F2A32FF6C00BD5C18 /* ColorExt.swift in Sources */,
				97333B412A33075200BD5C18 /* StringExt.swift in Sources */,
				97333B132A32FD3F00BD5C18 /* tipsCalcApp.swift in Sources */,
			);
			runOnlyForDeploymentPostprocessing = 0;
		};
		97333B1B2A32FD4100BD5C18 /* Sources */ = {
			isa = PBXSourcesBuildPhase;
			buildActionMask = 2147483647;
			files = (
				97333B242A32FD4100BD5C18 /* tipsCalcTests.swift in Sources */,
			);
			runOnlyForDeploymentPostprocessing = 0;
		};
		97333B252A32FD4100BD5C18 /* Sources */ = {
			isa = PBXSourcesBuildPhase;
			buildActionMask = 2147483647;
			files = (
				97333B302A32FD4100BD5C18 /* tipsCalcUITestsLaunchTests.swift in Sources */,
				97333B2E2A32FD4100BD5C18 /* tipsCalcUITests.swift in Sources */,
			);
			runOnlyForDeploymentPostprocessing = 0;
		};
/* End PBXSourcesBuildPhase section */

/* Begin PBXTargetDependency section */
		97333B212A32FD4100BD5C18 /* PBXTargetDependency */ = {
			isa = PBXTargetDependency;
			target = 97333B0E2A32FD3F00BD5C18 /* tipsCalc */;
			targetProxy = 97333B202A32FD4100BD5C18 /* PBXContainerItemProxy */;
		};
		97333B2B2A32FD4100BD5C18 /* PBXTargetDependency */ = {
			isa = PBXTargetDependency;
			target = 97333B0E2A32FD3F00BD5C18 /* tipsCalc */;
			targetProxy = 97333B2A2A32FD4100BD5C18 /* PBXContainerItemProxy */;
		};
/* End PBXTargetDependency section */

/* Begin XCBuildConfiguration section */
		97333B312A32FD4100BD5C18 /* Debug */ = {
			isa = XCBuildConfiguration;
			buildSettings = {
				ALWAYS_SEARCH_USER_PATHS = NO;
				CLANG_ANALYZER_NONNULL = YES;
				CLANG_ANALYZER_NUMBER_OBJECT_CONVERSION = YES_AGGRESSIVE;
				CLANG_CXX_LANGUAGE_STANDARD = "gnu++20";
				CLANG_ENABLE_MODULES = YES;
				CLANG_ENABLE_OBJC_ARC = YES;
				CLANG_ENABLE_OBJC_WEAK = YES;
				CLANG_WARN_BLOCK_CAPTURE_AUTORELEASING = YES;
				CLANG_WARN_BOOL_CONVERSION = YES;
				CLANG_WARN_COMMA = YES;
				CLANG_WARN_CONSTANT_CONVERSION = YES;
				CLANG_WARN_DEPRECATED_OBJC_IMPLEMENTATIONS = YES;
				CLANG_WARN_DIRECT_OBJC_ISA_USAGE = YES_ERROR;
				CLANG_WARN_DOCUMENTATION_COMMENTS = YES;
				CLANG_WARN_EMPTY_BODY = YES;
				CLANG_WARN_ENUM_CONVERSION = YES;
				CLANG_WARN_INFINITE_RECURSION = YES;
				CLANG_WARN_INT_CONVERSION = YES;
				CLANG_WARN_NON_LITERAL_NULL_CONVERSION = YES;
				CLANG_WARN_OBJC_IMPLICIT_RETAIN_SELF = YES;
				CLANG_WARN_OBJC_LITERAL_CONVERSION = YES;
				CLANG_WARN_OBJC_ROOT_CLASS = YES_ERROR;
				CLANG_WARN_QUOTED_INCLUDE_IN_FRAMEWORK_HEADER = YES;
				CLANG_WARN_RANGE_LOOP_ANALYSIS = YES;
				CLANG_WARN_STRICT_PROTOTYPES = YES;
				CLANG_WARN_SUSPICIOUS_MOVE = YES;
				CLANG_WARN_UNGUARDED_AVAILABILITY = YES_AGGRESSIVE;
				CLANG_WARN_UNREACHABLE_CODE = YES;
				CLANG_WARN__DUPLICATE_METHOD_MATCH = YES;
				COPY_PHASE_STRIP = NO;
				DEBUG_INFORMATION_FORMAT = dwarf;
				ENABLE_STRICT_OBJC_MSGSEND = YES;
				ENABLE_TESTABILITY = YES;
				GCC_C_LANGUAGE_STANDARD = gnu11;
				GCC_DYNAMIC_NO_PIC = NO;
				GCC_NO_COMMON_BLOCKS = YES;
				GCC_OPTIMIZATION_LEVEL = 0;
				GCC_PREPROCESSOR_DEFINITIONS = (
					"DEBUG=1",
					"$(inherited)",
				);
				GCC_WARN_64_TO_32_BIT_CONVERSION = YES;
				GCC_WARN_ABOUT_RETURN_TYPE = YES_ERROR;
				GCC_WARN_UNDECLARED_SELECTOR = YES;
				GCC_WARN_UNINITIALIZED_AUTOS = YES_AGGRESSIVE;
				GCC_WARN_UNUSED_FUNCTION = YES;
				GCC_WARN_UNUSED_VARIABLE = YES;
				IPHONEOS_DEPLOYMENT_TARGET = 16.2;
				MTL_ENABLE_DEBUG_INFO = INCLUDE_SOURCE;
				MTL_FAST_MATH = YES;
				ONLY_ACTIVE_ARCH = YES;
				SDKROOT = iphoneos;
				SWIFT_ACTIVE_COMPILATION_CONDITIONS = DEBUG;
				SWIFT_OPTIMIZATION_LEVEL = "-Onone";
			};
			name = Debug;
		};
		97333B322A32FD4100BD5C18 /* Release */ = {
			isa = XCBuildConfiguration;
			buildSettings = {
				ALWAYS_SEARCH_USER_PATHS = NO;
				CLANG_ANALYZER_NONNULL = YES;
				CLANG_ANALYZER_NUMBER_OBJECT_CONVERSION = YES_AGGRESSIVE;
				CLANG_CXX_LANGUAGE_STANDARD = "gnu++20";
				CLANG_ENABLE_MODULES = YES;
				CLANG_ENABLE_OBJC_ARC = YES;
				CLANG_ENABLE_OBJC_WEAK = YES;
				CLANG_WARN_BLOCK_CAPTURE_AUTORELEASING = YES;
				CLANG_WARN_BOOL_CONVERSION = YES;
				CLANG_WARN_COMMA = YES;
				CLANG_WARN_CONSTANT_CONVERSION = YES;
				CLANG_WARN_DEPRECATED_OBJC_IMPLEMENTATIONS = YES;
				CLANG_WARN_DIRECT_OBJC_ISA_USAGE = YES_ERROR;
				CLANG_WARN_DOCUMENTATION_COMMENTS = YES;
				CLANG_WARN_EMPTY_BODY = YES;
				CLANG_WARN_ENUM_CONVERSION = YES;
				CLANG_WARN_INFINITE_RECURSION = YES;
				CLANG_WARN_INT_CONVERSION = YES;
				CLANG_WARN_NON_LITERAL_NULL_CONVERSION = YES;
				CLANG_WARN_OBJC_IMPLICIT_RETAIN_SELF = YES;
				CLANG_WARN_OBJC_LITERAL_CONVERSION = YES;
				CLANG_WARN_OBJC_ROOT_CLASS = YES_ERROR;
				CLANG_WARN_QUOTED_INCLUDE_IN_FRAMEWORK_HEADER = YES;
				CLANG_WARN_RANGE_LOOP_ANALYSIS = YES;
				CLANG_WARN_STRICT_PROTOTYPES = YES;
				CLANG_WARN_SUSPICIOUS_MOVE = YES;
				CLANG_WARN_UNGUARDED_AVAILABILITY = YES_AGGRESSIVE;
				CLANG_WARN_UNREACHABLE_CODE = YES;
				CLANG_WARN__DUPLICATE_METHOD_MATCH = YES;
				COPY_PHASE_STRIP = NO;
				DEBUG_INFORMATION_FORMAT = "dwarf-with-dsym";
				ENABLE_NS_ASSERTIONS = NO;
				ENABLE_STRICT_OBJC_MSGSEND = YES;
				GCC_C_LANGUAGE_STANDARD = gnu11;
				GCC_NO_COMMON_BLOCKS = YES;
				GCC_WARN_64_TO_32_BIT_CONVERSION = YES;
				GCC_WARN_ABOUT_RETURN_TYPE = YES_ERROR;
				GCC_WARN_UNDECLARED_SELECTOR = YES;
				GCC_WARN_UNINITIALIZED_AUTOS = YES_AGGRESSIVE;
				GCC_WARN_UNUSED_FUNCTION = YES;
				GCC_WARN_UNUSED_VARIABLE = YES;
				IPHONEOS_DEPLOYMENT_TARGET = 16.2;
				MTL_ENABLE_DEBUG_INFO = NO;
				MTL_FAST_MATH = YES;
				SDKROOT = iphoneos;
				SWIFT_COMPILATION_MODE = wholemodule;
				SWIFT_OPTIMIZATION_LEVEL = "-O";
				VALIDATE_PRODUCT = YES;
			};
			name = Release;
		};
		97333B342A32FD4100BD5C18 /* Debug */ = {
			isa = XCBuildConfiguration;
			buildSettings = {
				ASSETCATALOG_COMPILER_APPICON_NAME = AppIcon;
				ASSETCATALOG_COMPILER_GLOBAL_ACCENT_COLOR_NAME = AccentColor;
				CODE_SIGN_STYLE = Automatic;
				CURRENT_PROJECT_VERSION = 1;
				DEVELOPMENT_ASSET_PATHS = "\"tipsCalc/Preview Content\"";
				DEVELOPMENT_TEAM = 96D4BGJXCC;
				ENABLE_PREVIEWS = YES;
				GENERATE_INFOPLIST_FILE = YES;
				INFOPLIST_KEY_UIApplicationSceneManifest_Generation = YES;
				INFOPLIST_KEY_UIApplicationSupportsIndirectInputEvents = YES;
				INFOPLIST_KEY_UILaunchScreen_Generation = YES;
				INFOPLIST_KEY_UISupportedInterfaceOrientations_iPad = "UIInterfaceOrientationPortrait UIInterfaceOrientationPortraitUpsideDown UIInterfaceOrientationLandscapeLeft UIInterfaceOrientationLandscapeRight";
				INFOPLIST_KEY_UISupportedInterfaceOrientations_iPhone = "UIInterfaceOrientationPortrait UIInterfaceOrientationLandscapeLeft UIInterfaceOrientationLandscapeRight";
				LD_RUNPATH_SEARCH_PATHS = (
					"$(inherited)",
					"@executable_path/Frameworks",
				);
				MARKETING_VERSION = 1.0;
				PRODUCT_BUNDLE_IDENTIFIER = com.danilka.tipsCalc;
				PRODUCT_NAME = "$(TARGET_NAME)";
				SWIFT_EMIT_LOC_STRINGS = YES;
				SWIFT_VERSION = 5.0;
				TARGETED_DEVICE_FAMILY = "1,2";
			};
			name = Debug;
		};
		97333B352A32FD4100BD5C18 /* Release */ = {
			isa = XCBuildConfiguration;
			buildSettings = {
				ASSETCATALOG_COMPILER_APPICON_NAME = AppIcon;
				ASSETCATALOG_COMPILER_GLOBAL_ACCENT_COLOR_NAME = AccentColor;
				CODE_SIGN_STYLE = Automatic;
				CURRENT_PROJECT_VERSION = 1;
				DEVELOPMENT_ASSET_PATHS = "\"tipsCalc/Preview Content\"";
				DEVELOPMENT_TEAM = 96D4BGJXCC;
				ENABLE_PREVIEWS = YES;
				GENERATE_INFOPLIST_FILE = YES;
				INFOPLIST_KEY_UIApplicationSceneManifest_Generation = YES;
				INFOPLIST_KEY_UIApplicationSupportsIndirectInputEvents = YES;
				INFOPLIST_KEY_UILaunchScreen_Generation = YES;
				INFOPLIST_KEY_UISupportedInterfaceOrientations_iPad = "UIInterfaceOrientationPortrait UIInterfaceOrientationPortraitUpsideDown UIInterfaceOrientationLandscapeLeft UIInterfaceOrientationLandscapeRight";
				INFOPLIST_KEY_UISupportedInterfaceOrientations_iPhone = "UIInterfaceOrientationPortrait UIInterfaceOrientationLandscapeLeft UIInterfaceOrientationLandscapeRight";
				LD_RUNPATH_SEARCH_PATHS = (
					"$(inherited)",
					"@executable_path/Frameworks",
				);
				MARKETING_VERSION = 1.0;
				PRODUCT_BUNDLE_IDENTIFIER = com.danilka.tipsCalc;
				PRODUCT_NAME = "$(TARGET_NAME)";
				SWIFT_EMIT_LOC_STRINGS = YES;
				SWIFT_VERSION = 5.0;
				TARGETED_DEVICE_FAMILY = "1,2";
			};
			name = Release;
		};
		97333B372A32FD4100BD5C18 /* Debug */ = {
			isa = XCBuildConfiguration;
			buildSettings = {
				ALWAYS_EMBED_SWIFT_STANDARD_LIBRARIES = YES;
				BUNDLE_LOADER = "$(TEST_HOST)";
				CODE_SIGN_STYLE = Automatic;
				CURRENT_PROJECT_VERSION = 1;
				DEVELOPMENT_TEAM = 96D4BGJXCC;
				GENERATE_INFOPLIST_FILE = YES;
				IPHONEOS_DEPLOYMENT_TARGET = 16.2;
				MARKETING_VERSION = 1.0;
				PRODUCT_BUNDLE_IDENTIFIER = com.danilka.tipsCalcTests;
				PRODUCT_NAME = "$(TARGET_NAME)";
				SWIFT_EMIT_LOC_STRINGS = NO;
				SWIFT_VERSION = 5.0;
				TARGETED_DEVICE_FAMILY = "1,2";
				TEST_HOST = "$(BUILT_PRODUCTS_DIR)/tipsCalc.app/$(BUNDLE_EXECUTABLE_FOLDER_PATH)/tipsCalc";
			};
			name = Debug;
		};
		97333B382A32FD4100BD5C18 /* Release */ = {
			isa = XCBuildConfiguration;
			buildSettings = {
				ALWAYS_EMBED_SWIFT_STANDARD_LIBRARIES = YES;
				BUNDLE_LOADER = "$(TEST_HOST)";
				CODE_SIGN_STYLE = Automatic;
				CURRENT_PROJECT_VERSION = 1;
				DEVELOPMENT_TEAM = 96D4BGJXCC;
				GENERATE_INFOPLIST_FILE = YES;
				IPHONEOS_DEPLOYMENT_TARGET = 16.2;
				MARKETING_VERSION = 1.0;
				PRODUCT_BUNDLE_IDENTIFIER = com.danilka.tipsCalcTests;
				PRODUCT_NAME = "$(TARGET_NAME)";
				SWIFT_EMIT_LOC_STRINGS = NO;
				SWIFT_VERSION = 5.0;
				TARGETED_DEVICE_FAMILY = "1,2";
				TEST_HOST = "$(BUILT_PRODUCTS_DIR)/tipsCalc.app/$(BUNDLE_EXECUTABLE_FOLDER_PATH)/tipsCalc";
			};
			name = Release;
		};
		97333B3A2A32FD4100BD5C18 /* Debug */ = {
			isa = XCBuildConfiguration;
			buildSettings = {
				ALWAYS_EMBED_SWIFT_STANDARD_LIBRARIES = YES;
				CODE_SIGN_STYLE = Automatic;
				CURRENT_PROJECT_VERSION = 1;
				DEVELOPMENT_TEAM = 96D4BGJXCC;
				GENERATE_INFOPLIST_FILE = YES;
				MARKETING_VERSION = 1.0;
				PRODUCT_BUNDLE_IDENTIFIER = com.danilka.tipsCalcUITests;
				PRODUCT_NAME = "$(TARGET_NAME)";
				SWIFT_EMIT_LOC_STRINGS = NO;
				SWIFT_VERSION = 5.0;
				TARGETED_DEVICE_FAMILY = "1,2";
				TEST_TARGET_NAME = tipsCalc;
			};
			name = Debug;
		};
		97333B3B2A32FD4100BD5C18 /* Release */ = {
			isa = XCBuildConfiguration;
			buildSettings = {
				ALWAYS_EMBED_SWIFT_STANDARD_LIBRARIES = YES;
				CODE_SIGN_STYLE = Automatic;
				CURRENT_PROJECT_VERSION = 1;
				DEVELOPMENT_TEAM = 96D4BGJXCC;
				GENERATE_INFOPLIST_FILE = YES;
				MARKETING_VERSION = 1.0;
				PRODUCT_BUNDLE_IDENTIFIER = com.danilka.tipsCalcUITests;
				PRODUCT_NAME = "$(TARGET_NAME)";
				SWIFT_EMIT_LOC_STRINGS = NO;
				SWIFT_VERSION = 5.0;
				TARGETED_DEVICE_FAMILY = "1,2";
				TEST_TARGET_NAME = tipsCalc;
			};
			name = Release;
		};
/* End XCBuildConfiguration section */

/* Begin XCConfigurationList section */
		97333B0A2A32FD3F00BD5C18 /* Build configuration list for PBXProject "tipsCalc" */ = {
			isa = XCConfigurationList;
			buildConfigurations = (
				97333B312A32FD4100BD5C18 /* Debug */,
				97333B322A32FD4100BD5C18 /* Release */,
			);
			defaultConfigurationIsVisible = 0;
			defaultConfigurationName = Release;
		};
		97333B332A32FD4100BD5C18 /* Build configuration list for PBXNativeTarget "tipsCalc" */ = {
			isa = XCConfigurationList;
			buildConfigurations = (
				97333B342A32FD4100BD5C18 /* Debug */,
				97333B352A32FD4100BD5C18 /* Release */,
			);
			defaultConfigurationIsVisible = 0;
			defaultConfigurationName = Release;
		};
		97333B362A32FD4100BD5C18 /* Build configuration list for PBXNativeTarget "tipsCalcTests" */ = {
			isa = XCConfigurationList;
			buildConfigurations = (
				97333B372A32FD4100BD5C18 /* Debug */,
				97333B382A32FD4100BD5C18 /* Release */,
			);
			defaultConfigurationIsVisible = 0;
			defaultConfigurationName = Release;
		};
		97333B392A32FD4100BD5C18 /* Build configuration list for PBXNativeTarget "tipsCalcUITests" */ = {
			isa = XCConfigurationList;
			buildConfigurations = (
				97333B3A2A32FD4100BD5C18 /* Debug */,
				97333B3B2A32FD4100BD5C18 /* Release */,
			);
			defaultConfigurationIsVisible = 0;
			defaultConfigurationName = Release;
		};
/* End XCConfigurationList section */
	};
	rootObject = 97333B072A32FD3F00BD5C18 /* Project object */;
}
